{
    "_meta": {
        "hash": {
            "sha256": "2bff22f398e3b834cf0e6530d7e37ba96fd643b28919b9dd48083f51537ad5f1"
        },
        "pipfile-spec": 6,
        "requires": {
            "python_full_version": "3.11.3",
            "python_version": "3.11"
        },
        "sources": [
            {
                "name": "pypi",
                "url": "https://pypi.org/simple",
                "verify_ssl": true
            }
        ]
    },
    "default": {},
    "develop": {}
}
