{
    "_meta": {
        "hash": {
            "sha256": "abc16e84e6359ba7c503117ba3c49f9b36f4c5a710ccc0cb8a1a344c89f5523f"
        },
        "pipfile-spec": 6,
        "requires": {
            "python_full_version": "3.11.3",
            "python_version": "3.11"
        },
        "sources": [
            {
                "name": "pypi",
                "url": "https://pypi.org/simple",
                "verify_ssl": true
            }
        ]
    },
    "default": {
        "mysql": {
            "hashes": [
                "sha256:8893cb143a5ac525c49ef358a23b8a0dc9721a95646f7bab6ca2f384c18a6a9a",
                "sha256:fd7bae7d7301ce7cd3932e5ff7f77bbc8e34872108252866e08d16d6b8e8de8c"
            ],
            "index": "pypi",
            "version": "==0.0.3"
        },
        "mysql-connector-python": {
            "hashes": [
                "sha256:1d292d8ee08a3e0103f3e9aba81f292c12c244c1d5345168375bf6842b2b3e9b",
                "sha256:22259479bdba53e0eb64325d5d97d7ecae35e729a8b39822c16729476ba2cd92",
                "sha256:40e3b5d60dbc5446ccd1901eb3db4c9b1ad07a490f4e0fc96e7ac53a6fe9b7bc",
                "sha256:4f58e1d41b3ba04281099884421c3a63589204b2cf40e473c5dbebbc26971017",
                "sha256:556f83cfc3e1f3e3db0080bb19ca50650815551ef7e10518053fe2ba76d2e59e",
                "sha256:5f1cdf9d3ed2f3c70a91c4b94d3ab3b2890c477a61b4085bb89d2275c50e1e3d",
                "sha256:64f4d7f7c60e2fe5a01d9e7915634d05a350bd866332ea4eab281b29db190e2b",
                "sha256:76432810ee58abda81e0a34666f86aba69a7ded58f164a1d19835dba70b1451b",
                "sha256:78a43eeb2b845986dc769ab611e3c480991c8037c94aee67ee6842d1f7e961a9",
                "sha256:7abe27b88ae1354433713fc289ed663cc04f7b75ea818a2b18067c3a736b0975",
                "sha256:7f1cbc06411115c318af775291386ed1494302e05b5c45da73f01593c0827bc1",
                "sha256:8062c11619bc48baf9ada3f85d85832aec5e57359eb11ed9e7d75ddcce81721a",
                "sha256:816b46c9dc250a0e59d11a902e187be190dae992a2b802512b888930db380487",
                "sha256:89151683654748f4de59cd4cf04102b6180976923f1db9921b87cff2c2da7b1d",
                "sha256:90adf52cdb25a7adc18da0cc6c5454709598af0e87343e39ab2c11d7dc5aaf34",
                "sha256:9cc256eaf55a7dd706ae514bebb863d3e426bd12686b88e284bdad6c37bf6dde",
                "sha256:dd0005e9b7e54c700745416ecf26435c69687d5234eef9ff11cf85a7d76945e2",
                "sha256:e3a2c2b398af1c5f0cbc1b1935f98bb5a7da4f178b2e73f0851872fbb37e66cc",
                "sha256:f2ac6d43fc5a01e574fcc2a6b732cc2374e6ce576ee039cc2051f18d2daafd6d",
                "sha256:f36a1a308d0d0d6202fea2e51741b5265f60206be331cfbb32f2f5bf62a20359",
                "sha256:f8160777788c7e561f9d7f93eff45776031c83aa2f02a0d8c138d8f9c9bd088e"
            ],
            "index": "pypi",
            "markers": "python_version >= '3.8'",
            "version": "==8.1.0"
        },
        "mysqlclient": {
            "hashes": [
                "sha256:004fe1d30d2c2ff8072f8ea513bcec235fd9b896f70dad369461d0ad7e570e98",
                "sha256:04368445f9c487d8abb7a878e3d23e923e6072c04a6c320f9e0dc8a82efba14e",
                "sha256:530ece9995a36cadb6211b9787f0c9e05cdab6702549bdb4236af5e9b535ed6a",
                "sha256:5670679ff1be1cc3fef0fa81bf39f0cd70605ba121141050f02743eb878ac114",
                "sha256:68837b6bb23170acffb43ae411e47533a560b6360c06dac39aa55700972c93b2",
                "sha256:955dba905a7443ce4788c63fdb9f8d688316260cf60b20ff51ac3b1c77616ede",
                "sha256:9c6b142836c7dba4f723bf9c93cc46b6e5081d65b2af807f400dda9eb85a16d0"
            ],
            "markers": "python_version >= '3.8'",
            "version": "==2.2.0"
        },
        "protobuf": {
            "hashes": [
                "sha256:1f22ac0ca65bb70a876060d96d914dae09ac98d114294f77584b0d2644fa9c30",
                "sha256:237216c3326d46808a9f7c26fd1bd4b20015fb6867dc5d263a493ef9a539293b",
                "sha256:27f4d15021da6d2b706ddc3860fac0a5ddaba34ab679dc182b60a8bb4e1121cc",
                "sha256:299ea899484ee6f44604deb71f424234f654606b983cb496ea2a53e3c63ab791",
                "sha256:3d164928ff0727d97022957c2b849250ca0e64777ee31efd7d6de2e07c494717",
                "sha256:6ab80df09e3208f742c98443b6166bcb70d65f52cfeb67357d52032ea1ae9bec",
                "sha256:78a28c9fa223998472886c77042e9b9afb6fe4242bd2a2a5aced88e3f4422aa7",
                "sha256:7cd532c4566d0e6feafecc1059d04c7915aec8e182d1cf7adee8b24ef1e2e6ab",
                "sha256:89f9149e4a0169cddfc44c74f230d7743002e3aa0b9472d8c28f0388102fc4c2",
                "sha256:a53fd3f03e578553623272dc46ac2f189de23862e68565e83dde203d41b76fc5",
                "sha256:b135410244ebe777db80298297a97fbb4c862c881b4403b71bac9d4107d61fd1",
                "sha256:b98d0148f84e3a3c569e19f52103ca1feacdac0d2df8d6533cf983d1fda28462",
                "sha256:d1736130bce8cf131ac7957fa26880ca19227d4ad68b4888b3be0dea1f95df97",
                "sha256:f45460f9ee70a0ec1b6694c6e4e348ad2019275680bd68a1d9314b8c7e01e574"
            ],
            "markers": "python_version >= '3.7'",
            "version": "==4.21.12"
        }
    },
    "develop": {}
}
